
Microsoft Visual Studio Solution File, Format Version 12.00
# Visual Studio 2012
Project("{FAE04EC0-301F-11D3-BF4B-00C04F79EFBC}") = "SdkSample.WPF", "SdkSample.WPF\SdkSample.WPF.csproj", "{F449757C-43A9-4F8E-9366-202EB25D70C4}"
EndProject
Project("{FAE04EC0-301F-11D3-BF4B-00C04F79EFBC}") = "Disk.SDK", "..\SDK\Disk.SDK\Disk.SDK.csproj", "{D37D6F1C-812D-4096-B7CD-5EA46B48C4EE}"
EndProject
Project("{FAE04EC0-301F-11D3-BF4B-00C04F79EFBC}") = "Disk.SDK.Provider (.NET 4.0)", "..\SDK\Disk.SDK.Provider (.NET 4.0)\Disk.SDK.Provider (.NET 4.0).csproj", "{D8BB0F49-5F72-414A-8976-19846DE293C2}"
EndProject
Project("{2150E333-8FDC-42A3-9474-1A3956D46DE8}") = "SDK", "SDK", "{6D7890E6-3383-48E0-98AD-EE7FBB976F6D}"
EndProject
Global
	GlobalSection(SolutionConfigurationPlatforms) = preSolution
		Debug|Any CPU = Debug|Any CPU
		Release|Any CPU = Release|Any CPU
	EndGlobalSection
	GlobalSection(ProjectConfigurationPlatforms) = postSolution
		{F449757C-43A9-4F8E-9366-202EB25D70C4}.Debug|Any CPU.ActiveCfg = Debug|Any CPU
		{F449757C-43A9-4F8E-9366-202EB25D70C4}.Debug|Any CPU.Build.0 = Debug|Any CPU
		{F449757C-43A9-4F8E-9366-202EB25D70C4}.Release|Any CPU.ActiveCfg = Release|Any CPU
		{F449757C-43A9-4F8E-9366-202EB25D70C4}.Release|Any CPU.Build.0 = Release|Any CPU
		{D37D6F1C-812D-4096-B7CD-5EA46B48C4EE}.Debug|Any CPU.ActiveCfg = Debug|Any CPU
		{D37D6F1C-812D-4096-B7CD-5EA46B48C4EE}.Debug|Any CPU.Build.0 = Debug|Any CPU
		{D37D6F1C-812D-4096-B7CD-5EA46B48C4EE}.Release|Any CPU.ActiveCfg = Release|Any CPU
		{D37D6F1C-812D-4096-B7CD-5EA46B48C4EE}.Release|Any CPU.Build.0 = Release|Any CPU
		{D8BB0F49-5F72-414A-8976-19846DE293C2}.Debug|Any CPU.ActiveCfg = Debug|Any CPU
		{D8BB0F49-5F72-414A-8976-19846DE293C2}.Debug|Any CPU.Build.0 = Debug|Any CPU
		{D8BB0F49-5F72-414A-8976-19846DE293C2}.Release|Any CPU.ActiveCfg = Release|Any CPU
		{D8BB0F49-5F72-414A-8976-19846DE293C2}.Release|Any CPU.Build.0 = Release|Any CPU
	EndGlobalSection
	GlobalSection(SolutionProperties) = preSolution
		HideSolutionNode = FALSE
	EndGlobalSection
	GlobalSection(NestedProjects) = preSolution
		{D37D6F1C-812D-4096-B7CD-5EA46B48C4EE} = {6D7890E6-3383-48E0-98AD-EE7FBB976F6D}
		{D8BB0F49-5F72-414A-8976-19846DE293C2} = {6D7890E6-3383-48E0-98AD-EE7FBB976F6D}
	EndGlobalSection
EndGlobal
